
Microsoft Visual Studio Solution File, Format Version 12.00
# Visual Studio Version 16
VisualStudioVersion = 16.0.31205.134
MinimumVisualStudioVersion = 10.0.40219.1
Project("{FAE04EC0-301F-11D3-BF4B-00C04F79EFBC}") = "TNAI.Model", "TNAI.Model\TNAI.Model.csproj", "{7002F776-7BF0-444D-A999-E9597F263535}"
EndProject
Project("{FAE04EC0-301F-11D3-BF4B-00C04F79EFBC}") = "TNAI.Respository", "TNAI.Respository\TNAI.Respository.csproj", "{0560483D-667A-44B2-A9E3-20DCCB86CD58}"
EndProject
Project("{FAE04EC0-301F-11D3-BF4B-00C04F79EFBC}") = "MVC", "MVC\MVC.csproj", "{7DFDC33F-2637-4F48-8AE8-34B7F5C8B051}"
EndProject
Global
	GlobalSection(SolutionConfigurationPlatforms) = preSolution
		Debug|Any CPU = Debug|Any CPU
		Release|Any CPU = Release|Any CPU
	EndGlobalSection
	GlobalSection(ProjectConfigurationPlatforms) = postSolution
		{7002F776-7BF0-444D-A999-E9597F263535}.Debug|Any CPU.ActiveCfg = Debug|Any CPU
		{7002F776-7BF0-444D-A999-E9597F263535}.Debug|Any CPU.Build.0 = Debug|Any CPU
		{7002F776-7BF0-444D-A999-E9597F263535}.Release|Any CPU.ActiveCfg = Release|Any CPU
		{7002F776-7BF0-444D-A999-E9597F263535}.Release|Any CPU.Build.0 = Release|Any CPU
		{0560483D-667A-44B2-A9E3-20DCCB86CD58}.Debug|Any CPU.ActiveCfg = Debug|Any CPU
		{0560483D-667A-44B2-A9E3-20DCCB86CD58}.Debug|Any CPU.Build.0 = Debug|Any CPU
		{0560483D-667A-44B2-A9E3-20DCCB86CD58}.Release|Any CPU.ActiveCfg = Release|Any CPU
		{0560483D-667A-44B2-A9E3-20DCCB86CD58}.Release|Any CPU.Build.0 = Release|Any CPU
		{7DFDC33F-2637-4F48-8AE8-34B7F5C8B051}.Debug|Any CPU.ActiveCfg = Debug|Any CPU
		{7DFDC33F-2637-4F48-8AE8-34B7F5C8B051}.Debug|Any CPU.Build.0 = Debug|Any CPU
		{7DFDC33F-2637-4F48-8AE8-34B7F5C8B051}.Release|Any CPU.ActiveCfg = Release|Any CPU
		{7DFDC33F-2637-4F48-8AE8-34B7F5C8B051}.Release|Any CPU.Build.0 = Release|Any CPU
	EndGlobalSection
	GlobalSection(SolutionProperties) = preSolution
		HideSolutionNode = FALSE
	EndGlobalSection
	GlobalSection(ExtensibilityGlobals) = postSolution
		SolutionGuid = {E91B698E-ABF4-4E9B-9A49-4EAF7332BBA9}
	EndGlobalSection
EndGlobal
